Microsoft Visual Studio Solution File, Format Version 12.00
# Visual Studio 22
Project("{FAE04EC0-301F-11D3-BF4B-00C04F79EFBC}") = "OpenSim", "OpenSim\Region\Application\OpenSim.csproj", "{D9970B9D-0000-0000-0000-000000000000}"
EndProject
Project("{FAE04EC0-301F-11D3-BF4B-00C04F79EFBC}") = "OpenSim.Addons.Groups", "OpenSim\Addons\Groups\OpenSim.Addons.Groups.csproj", "{417C06F5-0000-0000-0000-000000000000}"
EndProject
Project("{FAE04EC0-301F-11D3-BF4B-00C04F79EFBC}") = "OpenSim.Addons.OfflineIM", "OpenSim\Addons\OfflineIM\OpenSim.Addons.OfflineIM.csproj", "{5CB117C3-0000-0000-0000-000000000000}"
EndProject
Project("{FAE04EC0-301F-11D3-BF4B-00C04F79EFBC}") = "OpenSim.ApplicationPlugins.LoadRegions", "OpenSim\ApplicationPlugins\LoadRegions\OpenSim.ApplicationPlugins.LoadRegions.csproj", "{BFE6046D-0000-0000-0000-000000000000}"
EndProject
Project("{FAE04EC0-301F-11D3-BF4B-00C04F79EFBC}") = "OpenSim.ApplicationPlugins.RegionModulesController", "OpenSim\ApplicationPlugins\RegionModulesController\OpenSim.ApplicationPlugins.RegionModulesController.csproj", "{2CE79DC3-0000-0000-0000-000000000000}"
EndProject
Project("{FAE04EC0-301F-11D3-BF4B-00C04F79EFBC}") = "OpenSim.ApplicationPlugins.RemoteController", "OpenSim\ApplicationPlugins\RemoteController\OpenSim.ApplicationPlugins.RemoteController.csproj", "{DBB531B9-0000-0000-0000-000000000000}"
EndProject
Project("{FAE04EC0-301F-11D3-BF4B-00C04F79EFBC}") = "OpenSim.Capabilities", "OpenSim\Capabilities\OpenSim.Capabilities.csproj", "{56465594-0000-0000-0000-000000000000}"
EndProject
Project("{FAE04EC0-301F-11D3-BF4B-00C04F79EFBC}") = "OpenSim.Capabilities.Handlers", "OpenSim\Capabilities\Handlers\OpenSim.Capabilities.Handlers.csproj", "{83CAAFB5-0000-0000-0000-000000000000}"
EndProject
Project("{FAE04EC0-301F-11D3-BF4B-00C04F79EFBC}") = "OpenSim.ConsoleClient", "OpenSim\ConsoleClient\OpenSim.ConsoleClient.csproj", "{D2B25CB4-0000-0000-0000-000000000000}"
EndProject
Project("{FAE04EC0-301F-11D3-BF4B-00C04F79EFBC}") = "OpenSim.Data", "OpenSim\Data\OpenSim.Data.csproj", "{FD33FBE3-0000-0000-0000-000000000000}"
EndProject
Project("{FAE04EC0-301F-11D3-BF4B-00C04F79EFBC}") = "OpenSim.Data.MySQL", "OpenSim\Data\MySQL\OpenSim.Data.MySQL.csproj", "{ECA5F7CE-0000-0000-0000-000000000000}"
EndProject
Project("{FAE04EC0-301F-11D3-BF4B-00C04F79EFBC}") = "OpenSim.Data.Null", "OpenSim\Data\Null\OpenSim.Data.Null.csproj", "{BCFDE942-0000-0000-0000-000000000000}"
EndProject
Project("{FAE04EC0-301F-11D3-BF4B-00C04F79EFBC}") = "OpenSim.Data.PGSQL", "OpenSim\Data\PGSQL\OpenSim.Data.PGSQL.csproj", "{3D2FDFFE-0000-0000-0000-000000000000}"
EndProject
Project("{FAE04EC0-301F-11D3-BF4B-00C04F79EFBC}") = "OpenSim.Data.SQLite", "OpenSim\Data\SQLite\OpenSim.Data.SQLite.csproj", "{430FB9D9-0000-0000-0000-000000000000}"
EndProject
Project("{FAE04EC0-301F-11D3-BF4B-00C04F79EFBC}") = "OpenSim.Framework", "OpenSim\Framework\OpenSim.Framework.csproj", "{E9736DE2-0000-0000-0000-000000000000}"
EndProject
Project("{FAE04EC0-301F-11D3-BF4B-00C04F79EFBC}") = "OpenSim.Framework.AssetLoader.Filesystem", "OpenSim\Framework\AssetLoader\Filesystem\OpenSim.Framework.AssetLoader.Filesystem.csproj", "{185CAEAE-0000-0000-0000-000000000000}"
EndProject
Project("{FAE04EC0-301F-11D3-BF4B-00C04F79EFBC}") = "OpenSim.Framework.Console", "OpenSim\Framework\Console\OpenSim.Framework.Console.csproj", "{C69FB491-0000-0000-0000-000000000000}"
EndProject
Project("{FAE04EC0-301F-11D3-BF4B-00C04F79EFBC}") = "OpenSim.Framework.Monitoring", "OpenSim\Framework\Monitoring\OpenSim.Framework.Monitoring.csproj", "{FE7374CB-0000-0000-0000-000000000000}"
EndProject
Project("{FAE04EC0-301F-11D3-BF4B-00C04F79EFBC}") = "OpenSim.Framework.Serialization", "OpenSim\Framework\Serialization\OpenSim.Framework.Serialization.csproj", "{BAA4DF03-0000-0000-0000-000000000000}"
EndProject
Project("{FAE04EC0-301F-11D3-BF4B-00C04F79EFBC}") = "OpenSim.Framework.Servers", "OpenSim\Framework\Servers\OpenSim.Framework.Servers.csproj", "{663C90ED-0000-0000-0000-000000000000}"
EndProject
Project("{FAE04EC0-301F-11D3-BF4B-00C04F79EFBC}") = "OpenSim.Framework.Servers.HttpServer", "OpenSim\Framework\Servers\HttpServer\OpenSim.Framework.Servers.HttpServer.csproj", "{D5A83DC7-0000-0000-0000-000000000000}"
EndProject
Project("{FAE04EC0-301F-11D3-BF4B-00C04F79EFBC}") = "OpenSim.Region.ClientStack.LindenCaps", "OpenSim\Region\ClientStack\Linden\Caps\OpenSim.Region.ClientStack.LindenCaps.csproj", "{FF86E38E-0000-0000-0000-000000000000}"
EndProject
Project("{FAE04EC0-301F-11D3-BF4B-00C04F79EFBC}") = "OpenSim.Region.ClientStack.LindenUDP", "OpenSim\Region\ClientStack\Linden\UDP\OpenSim.Region.ClientStack.LindenUDP.csproj", "{614F0F65-0000-0000-0000-000000000000}"
EndProject
Project("{FAE04EC0-301F-11D3-BF4B-00C04F79EFBC}") = "OpenSim.Region.CoreModules", "OpenSim\Region\CoreModules\OpenSim.Region.CoreModules.csproj", "{4DC47529-0000-0000-0000-000000000000}"
EndProject
Project("{FAE04EC0-301F-11D3-BF4B-00C04F79EFBC}") = "OpenSim.Region.Framework", "OpenSim\Region\Framework\OpenSim.Region.Framework.csproj", "{972DF775-0000-0000-0000-000000000000}"
EndProject
Project("{FAE04EC0-301F-11D3-BF4B-00C04F79EFBC}") = "OpenSim.Region.OptionalModules", "OpenSim\Region\OptionalModules\OpenSim.Region.OptionalModules.csproj", "{D5DB8FDF-0000-0000-0000-000000000000}"
EndProject
Project("{FAE04EC0-301F-11D3-BF4B-00C04F79EFBC}") = "OpenSim.Region.PhysicsModule.BasicPhysics", "OpenSim\Region\PhysicsModules\BasicPhysics\OpenSim.Region.PhysicsModule.BasicPhysics.csproj", "{6AF67576-0000-0000-0000-000000000000}"
EndProject
Project("{FAE04EC0-301F-11D3-BF4B-00C04F79EFBC}") = "OpenSim.Region.PhysicsModule.BulletS", "OpenSim\Region\PhysicsModules\BulletS\OpenSim.Region.PhysicsModule.BulletS.csproj", "{7FE99934-0000-0000-0000-000000000000}"
EndProject
Project("{FAE04EC0-301F-11D3-BF4B-00C04F79EFBC}") = "OpenSim.Region.PhysicsModule.Meshing", "OpenSim\Region\PhysicsModules\Meshing\OpenSim.Region.PhysicsModule.Meshing.csproj", "{F1B13562-0000-0000-0000-000000000000}"
EndProject
Project("{FAE04EC0-301F-11D3-BF4B-00C04F79EFBC}") = "OpenSim.Region.PhysicsModule.POS", "OpenSim\Region\PhysicsModules\POS\OpenSim.Region.PhysicsModule.POS.csproj", "{80CAB2C1-0000-0000-0000-000000000000}"
EndProject
Project("{FAE04EC0-301F-11D3-BF4B-00C04F79EFBC}") = "OpenSim.Region.PhysicsModule.ubOde", "OpenSim\Region\PhysicsModules\ubOde\OpenSim.Region.PhysicsModule.ubOde.csproj", "{DBB0D415-0000-0000-0000-000000000000}"
EndProject
Project("{FAE04EC0-301F-11D3-BF4B-00C04F79EFBC}") = "OpenSim.Region.PhysicsModule.ubOdeMeshing", "OpenSim\Region\PhysicsModules\ubOdeMeshing\OpenSim.Region.PhysicsModule.ubOdeMeshing.csproj", "{4839E21E-0000-0000-0000-000000000000}"
EndProject
Project("{FAE04EC0-301F-11D3-BF4B-00C04F79EFBC}") = "OpenSim.Region.PhysicsModules.ConvexDecompositionDotNet", "OpenSim\Region\PhysicsModules\ConvexDecompositionDotNet\OpenSim.Region.PhysicsModules.ConvexDecompositionDotNet.csproj", "{82254E58-0000-0000-0000-000000000000}"
EndProject
Project("{FAE04EC0-301F-11D3-BF4B-00C04F79EFBC}") = "OpenSim.Region.PhysicsModules.SharedBase", "OpenSim\Region\PhysicsModules\SharedBase\OpenSim.Region.PhysicsModules.SharedBase.csproj", "{A88106D4-0000-0000-0000-000000000000}"
EndProject
Project("{FAE04EC0-301F-11D3-BF4B-00C04F79EFBC}") = "OpenSim.Region.ScriptEngine.Shared", "OpenSim\Region\ScriptEngine\Shared\OpenSim.Region.ScriptEngine.Shared.csproj", "{044063A8-0000-0000-0000-000000000000}"
EndProject
Project("{FAE04EC0-301F-11D3-BF4B-00C04F79EFBC}") = "OpenSim.Region.ScriptEngine.Shared.Api", "OpenSim\Region\ScriptEngine\Shared\Api\Implementation\OpenSim.Region.ScriptEngine.Shared.Api.csproj", "{3D93F97B-0000-0000-0000-000000000000}"
EndProject
Project("{FAE04EC0-301F-11D3-BF4B-00C04F79EFBC}") = "OpenSim.Region.ScriptEngine.Shared.Api.Runtime", "OpenSim\Region\ScriptEngine\Shared\Api\Runtime\OpenSim.Region.ScriptEngine.Shared.Api.Runtime.csproj", "{8ED55B68-0000-0000-0000-000000000000}"
EndProject
Project("{FAE04EC0-301F-11D3-BF4B-00C04F79EFBC}") = "OpenSim.Region.ScriptEngine.YEngine", "OpenSim\Region\ScriptEngine\YEngine\OpenSim.Region.ScriptEngine.YEngine.csproj", "{AB4A5A85-0000-0000-0000-000000000000}"
EndProject
Project("{FAE04EC0-301F-11D3-BF4B-00C04F79EFBC}") = "OpenSim.Server.Base", "OpenSim\Server\Base\OpenSim.Server.Base.csproj", "{44E8BCF4-0000-0000-0000-000000000000}"
EndProject
Project("{FAE04EC0-301F-11D3-BF4B-00C04F79EFBC}") = "OpenSim.Server.Handlers", "OpenSim\Server\Handlers\OpenSim.Server.Handlers.csproj", "{275DAA16-0000-0000-0000-000000000000}"
EndProject
Project("{FAE04EC0-301F-11D3-BF4B-00C04F79EFBC}") = "OpenSim.Services.AssetService", "OpenSim\Services\AssetService\OpenSim.Services.AssetService.csproj", "{ACB04E71-0000-0000-0000-000000000000}"
EndProject
Project("{FAE04EC0-301F-11D3-BF4B-00C04F79EFBC}") = "OpenSim.Services.AuthenticationService", "OpenSim\Services\AuthenticationService\OpenSim.Services.AuthenticationService.csproj", "{49021CF0-0000-0000-0000-000000000000}"
EndProject
Project("{FAE04EC0-301F-11D3-BF4B-00C04F79EFBC}") = "OpenSim.Services.AuthorizationService", "OpenSim\Services\AuthorizationService\OpenSim.Services.AuthorizationService.csproj", "{EB4719CE-0000-0000-0000-000000000000}"
EndProject
Project("{FAE04EC0-301F-11D3-BF4B-00C04F79EFBC}") = "OpenSim.Services.AvatarService", "OpenSim\Services\AvatarService\OpenSim.Services.AvatarService.csproj", "{EE308D2A-0000-0000-0000-000000000000}"
EndProject
Project("{FAE04EC0-301F-11D3-BF4B-00C04F79EFBC}") = "OpenSim.Services.Base", "OpenSim\Services\Base\OpenSim.Services.Base.csproj", "{FEE64A2E-0000-0000-0000-000000000000}"
EndProject
Project("{FAE04EC0-301F-11D3-BF4B-00C04F79EFBC}") = "OpenSim.Services.Connectors", "OpenSim\Services\Connectors\OpenSim.Services.Connectors.csproj", "{34CD6054-0000-0000-0000-000000000000}"
EndProject
Project("{FAE04EC0-301F-11D3-BF4B-00C04F79EFBC}") = "OpenSim.Services.EstateService", "OpenSim\Services\EstateService\OpenSim.Services.EstateService.csproj", "{4E255D1A-0000-0000-0000-000000000000}"
EndProject
Project("{FAE04EC0-301F-11D3-BF4B-00C04F79EFBC}") = "OpenSim.Services.FreeswitchService", "OpenSim\Services\FreeswitchService\OpenSim.Services.FreeswitchService.csproj", "{71E0990E-0000-0000-0000-000000000000}"
EndProject
Project("{FAE04EC0-301F-11D3-BF4B-00C04F79EFBC}") = "OpenSim.Services.FriendsService", "OpenSim\Services\Friends\OpenSim.Services.FriendsService.csproj", "{E0FAF207-0000-0000-0000-000000000000}"
EndProject
Project("{FAE04EC0-301F-11D3-BF4B-00C04F79EFBC}") = "OpenSim.Services.FSAssetService", "OpenSim\Services\FSAssetService\OpenSim.Services.FSAssetService.csproj", "{9325AC38-0000-0000-0000-000000000000}"
EndProject
Project("{FAE04EC0-301F-11D3-BF4B-00C04F79EFBC}") = "OpenSim.Services.GridService", "OpenSim\Services\GridService\OpenSim.Services.GridService.csproj", "{C1DA14C2-0000-0000-0000-000000000000}"
EndProject
Project("{FAE04EC0-301F-11D3-BF4B-00C04F79EFBC}") = "OpenSim.Services.HypergridService", "OpenSim\Services\HypergridService\OpenSim.Services.HypergridService.csproj", "{37E02411-0000-0000-0000-000000000000}"
EndProject
Project("{FAE04EC0-301F-11D3-BF4B-00C04F79EFBC}") = "OpenSim.Services.Interfaces", "OpenSim\Services\Interfaces\OpenSim.Services.Interfaces.csproj", "{6609A950-0000-0000-0000-000000000000}"
EndProject
Project("{FAE04EC0-301F-11D3-BF4B-00C04F79EFBC}") = "OpenSim.Services.InventoryService", "OpenSim\Services\InventoryService\OpenSim.Services.InventoryService.csproj", "{8717653D-0000-0000-0000-000000000000}"
EndProject
Project("{FAE04EC0-301F-11D3-BF4B-00C04F79EFBC}") = "OpenSim.Services.LLLoginService", "OpenSim\Services\LLLoginService\OpenSim.Services.LLLoginService.csproj", "{D5AF4BB8-0000-0000-0000-000000000000}"
EndProject
Project("{FAE04EC0-301F-11D3-BF4B-00C04F79EFBC}") = "OpenSim.Services.MapImageService", "OpenSim\Services\MapImageService\OpenSim.Services.MapImageService.csproj", "{0007D275-0000-0000-0000-000000000000}"
EndProject
Project("{FAE04EC0-301F-11D3-BF4B-00C04F79EFBC}") = "OpenSim.Services.MuteListService", "OpenSim\Services\MuteListService\OpenSim.Services.MuteListService.csproj", "{2236C5C4-0000-0000-0000-000000000000}"
EndProject
Project("{FAE04EC0-301F-11D3-BF4B-00C04F79EFBC}") = "OpenSim.Services.PresenceService", "OpenSim\Services\PresenceService\OpenSim.Services.PresenceService.csproj", "{BA865498-0000-0000-0000-000000000000}"
EndProject
Project("{FAE04EC0-301F-11D3-BF4B-00C04F79EFBC}") = "OpenSim.Services.SimulationService", "OpenSim\Services\SimulationService\OpenSim.Services.SimulationService.csproj", "{AA21C33C-0000-0000-0000-000000000000}"
EndProject
Project("{FAE04EC0-301F-11D3-BF4B-00C04F79EFBC}") = "OpenSim.Services.UserAccountService", "OpenSim\Services\UserAccountService\OpenSim.Services.UserAccountService.csproj", "{8609AD03-0000-0000-0000-000000000000}"
EndProject
Project("{FAE04EC0-301F-11D3-BF4B-00C04F79EFBC}") = "OpenSim.Services.UserProfilesService", "OpenSim\Services\UserProfilesService\OpenSim.Services.UserProfilesService.csproj", "{D0552D94-0000-0000-0000-000000000000}"
EndProject
Project("{FAE04EC0-301F-11D3-BF4B-00C04F79EFBC}") = "OpenSim.Tools.Configger", "OpenSim\Tools\Configger\OpenSim.Tools.Configger.csproj", "{041673B9-0000-0000-0000-000000000000}"
EndProject
Project("{FAE04EC0-301F-11D3-BF4B-00C04F79EFBC}") = "pCampBot", "OpenSim\Tools\pCampBot\pCampBot.csproj", "{9B2D68EC-0000-0000-0000-000000000000}"
EndProject
Project("{FAE04EC0-301F-11D3-BF4B-00C04F79EFBC}") = "Robust", "OpenSim\Server\Robust.csproj", "{B28EA32B-0000-0000-0000-000000000000}"
EndProject
Project("{FAE04EC0-301F-11D3-BF4B-00C04F79EFBC}") = "SmartThreadPool", "ThirdParty\SmartThreadPool\SmartThreadPool.csproj", "{11B36BB9-0000-0000-0000-000000000000}"
EndProject
Global
	GlobalSection(SolutionConfigurationPlatforms) = preSolution
		Debug|Any CPU = Debug|Any CPU
		Release|Any CPU = Release|Any CPU
	EndGlobalSection
	GlobalSection(ProjectConfigurationPlatforms) = postSolution
		{D9970B9D-0000-0000-0000-000000000000}.Debug|Any CPU.ActiveCfg = Debug|Any CPU
		{D9970B9D-0000-0000-0000-000000000000}.Debug|Any CPU.Build.0 = Debug|Any CPU
		{D9970B9D-0000-0000-0000-000000000000}.Release|Any CPU.ActiveCfg = Release|Any CPU
		{D9970B9D-0000-0000-0000-000000000000}.Release|Any CPU.Build.0 = Release|Any CPU
		{417C06F5-0000-0000-0000-000000000000}.Debug|Any CPU.ActiveCfg = Debug|Any CPU
		{417C06F5-0000-0000-0000-000000000000}.Debug|Any CPU.Build.0 = Debug|Any CPU
		{417C06F5-0000-0000-0000-000000000000}.Release|Any CPU.ActiveCfg = Release|Any CPU
		{417C06F5-0000-0000-0000-000000000000}.Release|Any CPU.Build.0 = Release|Any CPU
		{5CB117C3-0000-0000-0000-000000000000}.Debug|Any CPU.ActiveCfg = Debug|Any CPU
		{5CB117C3-0000-0000-0000-000000000000}.Debug|Any CPU.Build.0 = Debug|Any CPU
		{5CB117C3-0000-0000-0000-000000000000}.Release|Any CPU.ActiveCfg = Release|Any CPU
		{5CB117C3-0000-0000-0000-000000000000}.Release|Any CPU.Build.0 = Release|Any CPU
		{BFE6046D-0000-0000-0000-000000000000}.Debug|Any CPU.ActiveCfg = Debug|Any CPU
		{BFE6046D-0000-0000-0000-000000000000}.Debug|Any CPU.Build.0 = Debug|Any CPU
		{BFE6046D-0000-0000-0000-000000000000}.Release|Any CPU.ActiveCfg = Release|Any CPU
		{BFE6046D-0000-0000-0000-000000000000}.Release|Any CPU.Build.0 = Release|Any CPU
		{2CE79DC3-0000-0000-0000-000000000000}.Debug|Any CPU.ActiveCfg = Debug|Any CPU
		{2CE79DC3-0000-0000-0000-000000000000}.Debug|Any CPU.Build.0 = Debug|Any CPU
		{2CE79DC3-0000-0000-0000-000000000000}.Release|Any CPU.ActiveCfg = Release|Any CPU
		{2CE79DC3-0000-0000-0000-000000000000}.Release|Any CPU.Build.0 = Release|Any CPU
		{DBB531B9-0000-0000-0000-000000000000}.Debug|Any CPU.ActiveCfg = Debug|Any CPU
		{DBB531B9-0000-0000-0000-000000000000}.Debug|Any CPU.Build.0 = Debug|Any CPU
		{DBB531B9-0000-0000-0000-000000000000}.Release|Any CPU.ActiveCfg = Release|Any CPU
		{DBB531B9-0000-0000-0000-000000000000}.Release|Any CPU.Build.0 = Release|Any CPU
		{56465594-0000-0000-0000-000000000000}.Debug|Any CPU.ActiveCfg = Debug|Any CPU
		{56465594-0000-0000-0000-000000000000}.Debug|Any CPU.Build.0 = Debug|Any CPU
		{56465594-0000-0000-0000-000000000000}.Release|Any CPU.ActiveCfg = Release|Any CPU
		{56465594-0000-0000-0000-000000000000}.Release|Any CPU.Build.0 = Release|Any CPU
		{83CAAFB5-0000-0000-0000-000000000000}.Debug|Any CPU.ActiveCfg = Debug|Any CPU
		{83CAAFB5-0000-0000-0000-000000000000}.Debug|Any CPU.Build.0 = Debug|Any CPU
		{83CAAFB5-0000-0000-0000-000000000000}.Release|Any CPU.ActiveCfg = Release|Any CPU
		{83CAAFB5-0000-0000-0000-000000000000}.Release|Any CPU.Build.0 = Release|Any CPU
		{D2B25CB4-0000-0000-0000-000000000000}.Debug|Any CPU.ActiveCfg = Debug|Any CPU
		{D2B25CB4-0000-0000-0000-000000000000}.Debug|Any CPU.Build.0 = Debug|Any CPU
		{D2B25CB4-0000-0000-0000-000000000000}.Release|Any CPU.ActiveCfg = Release|Any CPU
		{D2B25CB4-0000-0000-0000-000000000000}.Release|Any CPU.Build.0 = Release|Any CPU
		{FD33FBE3-0000-0000-0000-000000000000}.Debug|Any CPU.ActiveCfg = Debug|Any CPU
		{FD33FBE3-0000-0000-0000-000000000000}.Debug|Any CPU.Build.0 = Debug|Any CPU
		{FD33FBE3-0000-0000-0000-000000000000}.Release|Any CPU.ActiveCfg = Release|Any CPU
		{FD33FBE3-0000-0000-0000-000000000000}.Release|Any CPU.Build.0 = Release|Any CPU
		{ECA5F7CE-0000-0000-0000-000000000000}.Debug|Any CPU.ActiveCfg = Debug|Any CPU
		{ECA5F7CE-0000-0000-0000-000000000000}.Debug|Any CPU.Build.0 = Debug|Any CPU
		{ECA5F7CE-0000-0000-0000-000000000000}.Release|Any CPU.ActiveCfg = Release|Any CPU
		{ECA5F7CE-0000-0000-0000-000000000000}.Release|Any CPU.Build.0 = Release|Any CPU
		{BCFDE942-0000-0000-0000-000000000000}.Debug|Any CPU.ActiveCfg = Debug|Any CPU
		{BCFDE942-0000-0000-0000-000000000000}.Debug|Any CPU.Build.0 = Debug|Any CPU
		{BCFDE942-0000-0000-0000-000000000000}.Release|Any CPU.ActiveCfg = Release|Any CPU
		{BCFDE942-0000-0000-0000-000000000000}.Release|Any CPU.Build.0 = Release|Any CPU
		{3D2FDFFE-0000-0000-0000-000000000000}.Debug|Any CPU.ActiveCfg = Debug|Any CPU
		{3D2FDFFE-0000-0000-0000-000000000000}.Debug|Any CPU.Build.0 = Debug|Any CPU
		{3D2FDFFE-0000-0000-0000-000000000000}.Release|Any CPU.ActiveCfg = Release|Any CPU
		{3D2FDFFE-0000-0000-0000-000000000000}.Release|Any CPU.Build.0 = Release|Any CPU
		{430FB9D9-0000-0000-0000-000000000000}.Debug|Any CPU.ActiveCfg = Debug|Any CPU
		{430FB9D9-0000-0000-0000-000000000000}.Debug|Any CPU.Build.0 = Debug|Any CPU
		{430FB9D9-0000-0000-0000-000000000000}.Release|Any CPU.ActiveCfg = Release|Any CPU
		{430FB9D9-0000-0000-0000-000000000000}.Release|Any CPU.Build.0 = Release|Any CPU
		{E9736DE2-0000-0000-0000-000000000000}.Debug|Any CPU.ActiveCfg = Debug|Any CPU
		{E9736DE2-0000-0000-0000-000000000000}.Debug|Any CPU.Build.0 = Debug|Any CPU
		{E9736DE2-0000-0000-0000-000000000000}.Release|Any CPU.ActiveCfg = Release|Any CPU
		{E9736DE2-0000-0000-0000-000000000000}.Release|Any CPU.Build.0 = Release|Any CPU
		{185CAEAE-0000-0000-0000-000000000000}.Debug|Any CPU.ActiveCfg = Debug|Any CPU
		{185CAEAE-0000-0000-0000-000000000000}.Debug|Any CPU.Build.0 = Debug|Any CPU
		{185CAEAE-0000-0000-0000-000000000000}.Release|Any CPU.ActiveCfg = Release|Any CPU
		{185CAEAE-0000-0000-0000-000000000000}.Release|Any CPU.Build.0 = Release|Any CPU
		{C69FB491-0000-0000-0000-000000000000}.Debug|Any CPU.ActiveCfg = Debug|Any CPU
		{C69FB491-0000-0000-0000-000000000000}.Debug|Any CPU.Build.0 = Debug|Any CPU
		{C69FB491-0000-0000-0000-000000000000}.Release|Any CPU.ActiveCfg = Release|Any CPU
		{C69FB491-0000-0000-0000-000000000000}.Release|Any CPU.Build.0 = Release|Any CPU
		{FE7374CB-0000-0000-0000-000000000000}.Debug|Any CPU.ActiveCfg = Debug|Any CPU
		{FE7374CB-0000-0000-0000-000000000000}.Debug|Any CPU.Build.0 = Debug|Any CPU
		{FE7374CB-0000-0000-0000-000000000000}.Release|Any CPU.ActiveCfg = Release|Any CPU
		{FE7374CB-0000-0000-0000-000000000000}.Release|Any CPU.Build.0 = Release|Any CPU
		{BAA4DF03-0000-0000-0000-000000000000}.Debug|Any CPU.ActiveCfg = Debug|Any CPU
		{BAA4DF03-0000-0000-0000-000000000000}.Debug|Any CPU.Build.0 = Debug|Any CPU
		{BAA4DF03-0000-0000-0000-000000000000}.Release|Any CPU.ActiveCfg = Release|Any CPU
		{BAA4DF03-0000-0000-0000-000000000000}.Release|Any CPU.Build.0 = Release|Any CPU
		{663C90ED-0000-0000-0000-000000000000}.Debug|Any CPU.ActiveCfg = Debug|Any CPU
		{663C90ED-0000-0000-0000-000000000000}.Debug|Any CPU.Build.0 = Debug|Any CPU
		{663C90ED-0000-0000-0000-000000000000}.Release|Any CPU.ActiveCfg = Release|Any CPU
		{663C90ED-0000-0000-0000-000000000000}.Release|Any CPU.Build.0 = Release|Any CPU
		{D5A83DC7-0000-0000-0000-000000000000}.Debug|Any CPU.ActiveCfg = Debug|Any CPU
		{D5A83DC7-0000-0000-0000-000000000000}.Debug|Any CPU.Build.0 = Debug|Any CPU
		{D5A83DC7-0000-0000-0000-000000000000}.Release|Any CPU.ActiveCfg = Release|Any CPU
		{D5A83DC7-0000-0000-0000-000000000000}.Release|Any CPU.Build.0 = Release|Any CPU
		{FF86E38E-0000-0000-0000-000000000000}.Debug|Any CPU.ActiveCfg = Debug|Any CPU
		{FF86E38E-0000-0000-0000-000000000000}.Debug|Any CPU.Build.0 = Debug|Any CPU
		{FF86E38E-0000-0000-0000-000000000000}.Release|Any CPU.ActiveCfg = Release|Any CPU
		{FF86E38E-0000-0000-0000-000000000000}.Release|Any CPU.Build.0 = Release|Any CPU
		{614F0F65-0000-0000-0000-000000000000}.Debug|Any CPU.ActiveCfg = Debug|Any CPU
		{614F0F65-0000-0000-0000-000000000000}.Debug|Any CPU.Build.0 = Debug|Any CPU
		{614F0F65-0000-0000-0000-000000000000}.Release|Any CPU.ActiveCfg = Release|Any CPU
		{614F0F65-0000-0000-0000-000000000000}.Release|Any CPU.Build.0 = Release|Any CPU
		{4DC47529-0000-0000-0000-000000000000}.Debug|Any CPU.ActiveCfg = Debug|Any CPU
		{4DC47529-0000-0000-0000-000000000000}.Debug|Any CPU.Build.0 = Debug|Any CPU
		{4DC47529-0000-0000-0000-000000000000}.Release|Any CPU.ActiveCfg = Release|Any CPU
		{4DC47529-0000-0000-0000-000000000000}.Release|Any CPU.Build.0 = Release|Any CPU
		{972DF775-0000-0000-0000-000000000000}.Debug|Any CPU.ActiveCfg = Debug|Any CPU
		{972DF775-0000-0000-0000-000000000000}.Debug|Any CPU.Build.0 = Debug|Any CPU
		{972DF775-0000-0000-0000-000000000000}.Release|Any CPU.ActiveCfg = Release|Any CPU
		{972DF775-0000-0000-0000-000000000000}.Release|Any CPU.Build.0 = Release|Any CPU
		{D5DB8FDF-0000-0000-0000-000000000000}.Debug|Any CPU.ActiveCfg = Debug|Any CPU
		{D5DB8FDF-0000-0000-0000-000000000000}.Debug|Any CPU.Build.0 = Debug|Any CPU
		{D5DB8FDF-0000-0000-0000-000000000000}.Release|Any CPU.ActiveCfg = Release|Any CPU
		{D5DB8FDF-0000-0000-0000-000000000000}.Release|Any CPU.Build.0 = Release|Any CPU
		{6AF67576-0000-0000-0000-000000000000}.Debug|Any CPU.ActiveCfg = Debug|Any CPU
		{6AF67576-0000-0000-0000-000000000000}.Debug|Any CPU.Build.0 = Debug|Any CPU
		{6AF67576-0000-0000-0000-000000000000}.Release|Any CPU.ActiveCfg = Release|Any CPU
		{6AF67576-0000-0000-0000-000000000000}.Release|Any CPU.Build.0 = Release|Any CPU
		{7FE99934-0000-0000-0000-000000000000}.Debug|Any CPU.ActiveCfg = Debug|Any CPU
		{7FE99934-0000-0000-0000-000000000000}.Debug|Any CPU.Build.0 = Debug|Any CPU
		{7FE99934-0000-0000-0000-000000000000}.Release|Any CPU.ActiveCfg = Release|Any CPU
		{7FE99934-0000-0000-0000-000000000000}.Release|Any CPU.Build.0 = Release|Any CPU
		{F1B13562-0000-0000-0000-000000000000}.Debug|Any CPU.ActiveCfg = Debug|Any CPU
		{F1B13562-0000-0000-0000-000000000000}.Debug|Any CPU.Build.0 = Debug|Any CPU
		{F1B13562-0000-0000-0000-000000000000}.Release|Any CPU.ActiveCfg = Release|Any CPU
		{F1B13562-0000-0000-0000-000000000000}.Release|Any CPU.Build.0 = Release|Any CPU
		{80CAB2C1-0000-0000-0000-000000000000}.Debug|Any CPU.ActiveCfg = Debug|Any CPU
		{80CAB2C1-0000-0000-0000-000000000000}.Debug|Any CPU.Build.0 = Debug|Any CPU
		{80CAB2C1-0000-0000-0000-000000000000}.Release|Any CPU.ActiveCfg = Release|Any CPU
		{80CAB2C1-0000-0000-0000-000000000000}.Release|Any CPU.Build.0 = Release|Any CPU
		{DBB0D415-0000-0000-0000-000000000000}.Debug|Any CPU.ActiveCfg = Debug|Any CPU
		{DBB0D415-0000-0000-0000-000000000000}.Debug|Any CPU.Build.0 = Debug|Any CPU
		{DBB0D415-0000-0000-0000-000000000000}.Release|Any CPU.ActiveCfg = Release|Any CPU
		{DBB0D415-0000-0000-0000-000000000000}.Release|Any CPU.Build.0 = Release|Any CPU
		{4839E21E-0000-0000-0000-000000000000}.Debug|Any CPU.ActiveCfg = Debug|Any CPU
		{4839E21E-0000-0000-0000-000000000000}.Debug|Any CPU.Build.0 = Debug|Any CPU
		{4839E21E-0000-0000-0000-000000000000}.Release|Any CPU.ActiveCfg = Release|Any CPU
		{4839E21E-0000-0000-0000-000000000000}.Release|Any CPU.Build.0 = Release|Any CPU
		{82254E58-0000-0000-0000-000000000000}.Debug|Any CPU.ActiveCfg = Debug|Any CPU
		{82254E58-0000-0000-0000-000000000000}.Debug|Any CPU.Build.0 = Debug|Any CPU
		{82254E58-0000-0000-0000-000000000000}.Release|Any CPU.ActiveCfg = Release|Any CPU
		{82254E58-0000-0000-0000-000000000000}.Release|Any CPU.Build.0 = Release|Any CPU
		{A88106D4-0000-0000-0000-000000000000}.Debug|Any CPU.ActiveCfg = Debug|Any CPU
		{A88106D4-0000-0000-0000-000000000000}.Debug|Any CPU.Build.0 = Debug|Any CPU
		{A88106D4-0000-0000-0000-000000000000}.Release|Any CPU.ActiveCfg = Release|Any CPU
		{A88106D4-0000-0000-0000-000000000000}.Release|Any CPU.Build.0 = Release|Any CPU
		{044063A8-0000-0000-0000-000000000000}.Debug|Any CPU.ActiveCfg = Debug|Any CPU
		{044063A8-0000-0000-0000-000000000000}.Debug|Any CPU.Build.0 = Debug|Any CPU
		{044063A8-0000-0000-0000-000000000000}.Release|Any CPU.ActiveCfg = Release|Any CPU
		{044063A8-0000-0000-0000-000000000000}.Release|Any CPU.Build.0 = Release|Any CPU
		{3D93F97B-0000-0000-0000-000000000000}.Debug|Any CPU.ActiveCfg = Debug|Any CPU
		{3D93F97B-0000-0000-0000-000000000000}.Debug|Any CPU.Build.0 = Debug|Any CPU
		{3D93F97B-0000-0000-0000-000000000000}.Release|Any CPU.ActiveCfg = Release|Any CPU
		{3D93F97B-0000-0000-0000-000000000000}.Release|Any CPU.Build.0 = Release|Any CPU
		{8ED55B68-0000-0000-0000-000000000000}.Debug|Any CPU.ActiveCfg = Debug|Any CPU
		{8ED55B68-0000-0000-0000-000000000000}.Debug|Any CPU.Build.0 = Debug|Any CPU
		{8ED55B68-0000-0000-0000-000000000000}.Release|Any CPU.ActiveCfg = Release|Any CPU
		{8ED55B68-0000-0000-0000-000000000000}.Release|Any CPU.Build.0 = Release|Any CPU
		{AB4A5A85-0000-0000-0000-000000000000}.Debug|Any CPU.ActiveCfg = Debug|Any CPU
		{AB4A5A85-0000-0000-0000-000000000000}.Debug|Any CPU.Build.0 = Debug|Any CPU
		{AB4A5A85-0000-0000-0000-000000000000}.Release|Any CPU.ActiveCfg = Release|Any CPU
		{AB4A5A85-0000-0000-0000-000000000000}.Release|Any CPU.Build.0 = Release|Any CPU
		{44E8BCF4-0000-0000-0000-000000000000}.Debug|Any CPU.ActiveCfg = Debug|Any CPU
		{44E8BCF4-0000-0000-0000-000000000000}.Debug|Any CPU.Build.0 = Debug|Any CPU
		{44E8BCF4-0000-0000-0000-000000000000}.Release|Any CPU.ActiveCfg = Release|Any CPU
		{44E8BCF4-0000-0000-0000-000000000000}.Release|Any CPU.Build.0 = Release|Any CPU
		{275DAA16-0000-0000-0000-000000000000}.Debug|Any CPU.ActiveCfg = Debug|Any CPU
		{275DAA16-0000-0000-0000-000000000000}.Debug|Any CPU.Build.0 = Debug|Any CPU
		{275DAA16-0000-0000-0000-000000000000}.Release|Any CPU.ActiveCfg = Release|Any CPU
		{275DAA16-0000-0000-0000-000000000000}.Release|Any CPU.Build.0 = Release|Any CPU
		{ACB04E71-0000-0000-0000-000000000000}.Debug|Any CPU.ActiveCfg = Debug|Any CPU
		{ACB04E71-0000-0000-0000-000000000000}.Debug|Any CPU.Build.0 = Debug|Any CPU
		{ACB04E71-0000-0000-0000-000000000000}.Release|Any CPU.ActiveCfg = Release|Any CPU
		{ACB04E71-0000-0000-0000-000000000000}.Release|Any CPU.Build.0 = Release|Any CPU
		{49021CF0-0000-0000-0000-000000000000}.Debug|Any CPU.ActiveCfg = Debug|Any CPU
		{49021CF0-0000-0000-0000-000000000000}.Debug|Any CPU.Build.0 = Debug|Any CPU
		{49021CF0-0000-0000-0000-000000000000}.Release|Any CPU.ActiveCfg = Release|Any CPU
		{49021CF0-0000-0000-0000-000000000000}.Release|Any CPU.Build.0 = Release|Any CPU
		{EB4719CE-0000-0000-0000-000000000000}.Debug|Any CPU.ActiveCfg = Debug|Any CPU
		{EB4719CE-0000-0000-0000-000000000000}.Debug|Any CPU.Build.0 = Debug|Any CPU
		{EB4719CE-0000-0000-0000-000000000000}.Release|Any CPU.ActiveCfg = Release|Any CPU
		{EB4719CE-0000-0000-0000-000000000000}.Release|Any CPU.Build.0 = Release|Any CPU
		{EE308D2A-0000-0000-0000-000000000000}.Debug|Any CPU.ActiveCfg = Debug|Any CPU
		{EE308D2A-0000-0000-0000-000000000000}.Debug|Any CPU.Build.0 = Debug|Any CPU
		{EE308D2A-0000-0000-0000-000000000000}.Release|Any CPU.ActiveCfg = Release|Any CPU
		{EE308D2A-0000-0000-0000-000000000000}.Release|Any CPU.Build.0 = Release|Any CPU
		{FEE64A2E-0000-0000-0000-000000000000}.Debug|Any CPU.ActiveCfg = Debug|Any CPU
		{FEE64A2E-0000-0000-0000-000000000000}.Debug|Any CPU.Build.0 = Debug|Any CPU
		{FEE64A2E-0000-0000-0000-000000000000}.Release|Any CPU.ActiveCfg = Release|Any CPU
		{FEE64A2E-0000-0000-0000-000000000000}.Release|Any CPU.Build.0 = Release|Any CPU
		{34CD6054-0000-0000-0000-000000000000}.Debug|Any CPU.ActiveCfg = Debug|Any CPU
		{34CD6054-0000-0000-0000-000000000000}.Debug|Any CPU.Build.0 = Debug|Any CPU
		{34CD6054-0000-0000-0000-000000000000}.Release|Any CPU.ActiveCfg = Release|Any CPU
		{34CD6054-0000-0000-0000-000000000000}.Release|Any CPU.Build.0 = Release|Any CPU
		{4E255D1A-0000-0000-0000-000000000000}.Debug|Any CPU.ActiveCfg = Debug|Any CPU
		{4E255D1A-0000-0000-0000-000000000000}.Debug|Any CPU.Build.0 = Debug|Any CPU
		{4E255D1A-0000-0000-0000-000000000000}.Release|Any CPU.ActiveCfg = Release|Any CPU
		{4E255D1A-0000-0000-0000-000000000000}.Release|Any CPU.Build.0 = Release|Any CPU
		{71E0990E-0000-0000-0000-000000000000}.Debug|Any CPU.ActiveCfg = Debug|Any CPU
		{71E0990E-0000-0000-0000-000000000000}.Debug|Any CPU.Build.0 = Debug|Any CPU
		{71E0990E-0000-0000-0000-000000000000}.Release|Any CPU.ActiveCfg = Release|Any CPU
		{71E0990E-0000-0000-0000-000000000000}.Release|Any CPU.Build.0 = Release|Any CPU
		{E0FAF207-0000-0000-0000-000000000000}.Debug|Any CPU.ActiveCfg = Debug|Any CPU
		{E0FAF207-0000-0000-0000-000000000000}.Debug|Any CPU.Build.0 = Debug|Any CPU
		{E0FAF207-0000-0000-0000-000000000000}.Release|Any CPU.ActiveCfg = Release|Any CPU
		{E0FAF207-0000-0000-0000-000000000000}.Release|Any CPU.Build.0 = Release|Any CPU
		{9325AC38-0000-0000-0000-000000000000}.Debug|Any CPU.ActiveCfg = Debug|Any CPU
		{9325AC38-0000-0000-0000-000000000000}.Debug|Any CPU.Build.0 = Debug|Any CPU
		{9325AC38-0000-0000-0000-000000000000}.Release|Any CPU.ActiveCfg = Release|Any CPU
		{9325AC38-0000-0000-0000-000000000000}.Release|Any CPU.Build.0 = Release|Any CPU
		{C1DA14C2-0000-0000-0000-000000000000}.Debug|Any CPU.ActiveCfg = Debug|Any CPU
		{C1DA14C2-0000-0000-0000-000000000000}.Debug|Any CPU.Build.0 = Debug|Any CPU
		{C1DA14C2-0000-0000-0000-000000000000}.Release|Any CPU.ActiveCfg = Release|Any CPU
		{C1DA14C2-0000-0000-0000-000000000000}.Release|Any CPU.Build.0 = Release|Any CPU
		{37E02411-0000-0000-0000-000000000000}.Debug|Any CPU.ActiveCfg = Debug|Any CPU
		{37E02411-0000-0000-0000-000000000000}.Debug|Any CPU.Build.0 = Debug|Any CPU
		{37E02411-0000-0000-0000-000000000000}.Release|Any CPU.ActiveCfg = Release|Any CPU
		{37E02411-0000-0000-0000-000000000000}.Release|Any CPU.Build.0 = Release|Any CPU
		{6609A950-0000-0000-0000-000000000000}.Debug|Any CPU.ActiveCfg = Debug|Any CPU
		{6609A950-0000-0000-0000-000000000000}.Debug|Any CPU.Build.0 = Debug|Any CPU
		{6609A950-0000-0000-0000-000000000000}.Release|Any CPU.ActiveCfg = Release|Any CPU
		{6609A950-0000-0000-0000-000000000000}.Release|Any CPU.Build.0 = Release|Any CPU
		{8717653D-0000-0000-0000-000000000000}.Debug|Any CPU.ActiveCfg = Debug|Any CPU
		{8717653D-0000-0000-0000-000000000000}.Debug|Any CPU.Build.0 = Debug|Any CPU
		{8717653D-0000-0000-0000-000000000000}.Release|Any CPU.ActiveCfg = Release|Any CPU
		{8717653D-0000-0000-0000-000000000000}.Release|Any CPU.Build.0 = Release|Any CPU
		{D5AF4BB8-0000-0000-0000-000000000000}.Debug|Any CPU.ActiveCfg = Debug|Any CPU
		{D5AF4BB8-0000-0000-0000-000000000000}.Debug|Any CPU.Build.0 = Debug|Any CPU
		{D5AF4BB8-0000-0000-0000-000000000000}.Release|Any CPU.ActiveCfg = Release|Any CPU
		{D5AF4BB8-0000-0000-0000-000000000000}.Release|Any CPU.Build.0 = Release|Any CPU
		{0007D275-0000-0000-0000-000000000000}.Debug|Any CPU.ActiveCfg = Debug|Any CPU
		{0007D275-0000-0000-0000-000000000000}.Debug|Any CPU.Build.0 = Debug|Any CPU
		{0007D275-0000-0000-0000-000000000000}.Release|Any CPU.ActiveCfg = Release|Any CPU
		{0007D275-0000-0000-0000-000000000000}.Release|Any CPU.Build.0 = Release|Any CPU
		{2236C5C4-0000-0000-0000-000000000000}.Debug|Any CPU.ActiveCfg = Debug|Any CPU
		{2236C5C4-0000-0000-0000-000000000000}.Debug|Any CPU.Build.0 = Debug|Any CPU
		{2236C5C4-0000-0000-0000-000000000000}.Release|Any CPU.ActiveCfg = Release|Any CPU
		{2236C5C4-0000-0000-0000-000000000000}.Release|Any CPU.Build.0 = Release|Any CPU
		{BA865498-0000-0000-0000-000000000000}.Debug|Any CPU.ActiveCfg = Debug|Any CPU
		{BA865498-0000-0000-0000-000000000000}.Debug|Any CPU.Build.0 = Debug|Any CPU
		{BA865498-0000-0000-0000-000000000000}.Release|Any CPU.ActiveCfg = Release|Any CPU
		{BA865498-0000-0000-0000-000000000000}.Release|Any CPU.Build.0 = Release|Any CPU
		{AA21C33C-0000-0000-0000-000000000000}.Debug|Any CPU.ActiveCfg = Debug|Any CPU
		{AA21C33C-0000-0000-0000-000000000000}.Debug|Any CPU.Build.0 = Debug|Any CPU
		{AA21C33C-0000-0000-0000-000000000000}.Release|Any CPU.ActiveCfg = Release|Any CPU
		{AA21C33C-0000-0000-0000-000000000000}.Release|Any CPU.Build.0 = Release|Any CPU
		{8609AD03-0000-0000-0000-000000000000}.Debug|Any CPU.ActiveCfg = Debug|Any CPU
		{8609AD03-0000-0000-0000-000000000000}.Debug|Any CPU.Build.0 = Debug|Any CPU
		{8609AD03-0000-0000-0000-000000000000}.Release|Any CPU.ActiveCfg = Release|Any CPU
		{8609AD03-0000-0000-0000-000000000000}.Release|Any CPU.Build.0 = Release|Any CPU
		{D0552D94-0000-0000-0000-000000000000}.Debug|Any CPU.ActiveCfg = Debug|Any CPU
		{D0552D94-0000-0000-0000-000000000000}.Debug|Any CPU.Build.0 = Debug|Any CPU
		{D0552D94-0000-0000-0000-000000000000}.Release|Any CPU.ActiveCfg = Release|Any CPU
		{D0552D94-0000-0000-0000-000000000000}.Release|Any CPU.Build.0 = Release|Any CPU
		{041673B9-0000-0000-0000-000000000000}.Debug|Any CPU.ActiveCfg = Debug|Any CPU
		{041673B9-0000-0000-0000-000000000000}.Debug|Any CPU.Build.0 = Debug|Any CPU
		{041673B9-0000-0000-0000-000000000000}.Release|Any CPU.ActiveCfg = Release|Any CPU
		{041673B9-0000-0000-0000-000000000000}.Release|Any CPU.Build.0 = Release|Any CPU
		{9B2D68EC-0000-0000-0000-000000000000}.Debug|Any CPU.ActiveCfg = Debug|Any CPU
		{9B2D68EC-0000-0000-0000-000000000000}.Debug|Any CPU.Build.0 = Debug|Any CPU
		{9B2D68EC-0000-0000-0000-000000000000}.Release|Any CPU.ActiveCfg = Release|Any CPU
		{9B2D68EC-0000-0000-0000-000000000000}.Release|Any CPU.Build.0 = Release|Any CPU
		{B28EA32B-0000-0000-0000-000000000000}.Debug|Any CPU.ActiveCfg = Debug|Any CPU
		{B28EA32B-0000-0000-0000-000000000000}.Debug|Any CPU.Build.0 = Debug|Any CPU
		{B28EA32B-0000-0000-0000-000000000000}.Release|Any CPU.ActiveCfg = Release|Any CPU
		{B28EA32B-0000-0000-0000-000000000000}.Release|Any CPU.Build.0 = Release|Any CPU
		{11B36BB9-0000-0000-0000-000000000000}.Debug|Any CPU.ActiveCfg = Debug|Any CPU
		{11B36BB9-0000-0000-0000-000000000000}.Debug|Any CPU.Build.0 = Debug|Any CPU
		{11B36BB9-0000-0000-0000-000000000000}.Release|Any CPU.ActiveCfg = Release|Any CPU
		{11B36BB9-0000-0000-0000-000000000000}.Release|Any CPU.Build.0 = Release|Any CPU
	EndGlobalSection
EndGlobal
