Microsoft Visual Studio Solution File, Format Version 12.00
# Visual Studio 22
Project("{FAE04EC0-301F-11D3-BF4B-00C04F79EFBC}") = "OpenSim", "OpenSim\Region\Application\OpenSim.csproj", "{F780C2BF-0000-0000-0000-000000000000}"
EndProject
Project("{FAE04EC0-301F-11D3-BF4B-00C04F79EFBC}") = "OpenSim.Addons.Groups", "OpenSim\Addons\Groups\OpenSim.Addons.Groups.csproj", "{99D1C294-0000-0000-0000-000000000000}"
EndProject
Project("{FAE04EC0-301F-11D3-BF4B-00C04F79EFBC}") = "OpenSim.Addons.OfflineIM", "OpenSim\Addons\OfflineIM\OpenSim.Addons.OfflineIM.csproj", "{598EC86F-0000-0000-0000-000000000000}"
EndProject
Project("{FAE04EC0-301F-11D3-BF4B-00C04F79EFBC}") = "OpenSim.ApplicationPlugins.LoadRegions", "OpenSim\ApplicationPlugins\LoadRegions\OpenSim.ApplicationPlugins.LoadRegions.csproj", "{A6B41A99-0000-0000-0000-000000000000}"
EndProject
Project("{FAE04EC0-301F-11D3-BF4B-00C04F79EFBC}") = "OpenSim.ApplicationPlugins.RegionModulesController", "OpenSim\ApplicationPlugins\RegionModulesController\OpenSim.ApplicationPlugins.RegionModulesController.csproj", "{EF24C0B5-0000-0000-0000-000000000000}"
EndProject
Project("{FAE04EC0-301F-11D3-BF4B-00C04F79EFBC}") = "OpenSim.ApplicationPlugins.RemoteController", "OpenSim\ApplicationPlugins\RemoteController\OpenSim.ApplicationPlugins.RemoteController.csproj", "{A82A8063-0000-0000-0000-000000000000}"
EndProject
Project("{FAE04EC0-301F-11D3-BF4B-00C04F79EFBC}") = "OpenSim.Capabilities", "OpenSim\Capabilities\OpenSim.Capabilities.csproj", "{81900A87-0000-0000-0000-000000000000}"
EndProject
Project("{FAE04EC0-301F-11D3-BF4B-00C04F79EFBC}") = "OpenSim.Capabilities.Handlers", "OpenSim\Capabilities\Handlers\OpenSim.Capabilities.Handlers.csproj", "{E1C33A54-0000-0000-0000-000000000000}"
EndProject
Project("{FAE04EC0-301F-11D3-BF4B-00C04F79EFBC}") = "OpenSim.ConsoleClient", "OpenSim\ConsoleClient\OpenSim.ConsoleClient.csproj", "{EBA40E82-0000-0000-0000-000000000000}"
EndProject
Project("{FAE04EC0-301F-11D3-BF4B-00C04F79EFBC}") = "OpenSim.Data", "OpenSim\Data\OpenSim.Data.csproj", "{A925FA97-0000-0000-0000-000000000000}"
EndProject
Project("{FAE04EC0-301F-11D3-BF4B-00C04F79EFBC}") = "OpenSim.Data.MySQL", "OpenSim\Data\MySQL\OpenSim.Data.MySQL.csproj", "{78226232-0000-0000-0000-000000000000}"
EndProject
Project("{FAE04EC0-301F-11D3-BF4B-00C04F79EFBC}") = "OpenSim.Data.Null", "OpenSim\Data\Null\OpenSim.Data.Null.csproj", "{FBE98717-0000-0000-0000-000000000000}"
EndProject
Project("{FAE04EC0-301F-11D3-BF4B-00C04F79EFBC}") = "OpenSim.Data.PGSQL", "OpenSim\Data\PGSQL\OpenSim.Data.PGSQL.csproj", "{3B22C581-0000-0000-0000-000000000000}"
EndProject
Project("{FAE04EC0-301F-11D3-BF4B-00C04F79EFBC}") = "OpenSim.Data.SQLite", "OpenSim\Data\SQLite\OpenSim.Data.SQLite.csproj", "{5946C306-0000-0000-0000-000000000000}"
EndProject
Project("{FAE04EC0-301F-11D3-BF4B-00C04F79EFBC}") = "OpenSim.Framework", "OpenSim\Framework\OpenSim.Framework.csproj", "{02570C9A-0000-0000-0000-000000000000}"
EndProject
Project("{FAE04EC0-301F-11D3-BF4B-00C04F79EFBC}") = "OpenSim.Framework.AssetLoader.Filesystem", "OpenSim\Framework\AssetLoader\Filesystem\OpenSim.Framework.AssetLoader.Filesystem.csproj", "{9F837D6C-0000-0000-0000-000000000000}"
EndProject
Project("{FAE04EC0-301F-11D3-BF4B-00C04F79EFBC}") = "OpenSim.Framework.Console", "OpenSim\Framework\Console\OpenSim.Framework.Console.csproj", "{B65D523F-0000-0000-0000-000000000000}"
EndProject
Project("{FAE04EC0-301F-11D3-BF4B-00C04F79EFBC}") = "OpenSim.Framework.Monitoring", "OpenSim\Framework\Monitoring\OpenSim.Framework.Monitoring.csproj", "{FF8DB872-0000-0000-0000-000000000000}"
EndProject
Project("{FAE04EC0-301F-11D3-BF4B-00C04F79EFBC}") = "OpenSim.Framework.Serialization", "OpenSim\Framework\Serialization\OpenSim.Framework.Serialization.csproj", "{1E058426-0000-0000-0000-000000000000}"
EndProject
Project("{FAE04EC0-301F-11D3-BF4B-00C04F79EFBC}") = "OpenSim.Framework.Servers", "OpenSim\Framework\Servers\OpenSim.Framework.Servers.csproj", "{AA8FCF3C-0000-0000-0000-000000000000}"
EndProject
Project("{FAE04EC0-301F-11D3-BF4B-00C04F79EFBC}") = "OpenSim.Framework.Servers.HttpServer", "OpenSim\Framework\Servers\HttpServer\OpenSim.Framework.Servers.HttpServer.csproj", "{1A3EF87A-0000-0000-0000-000000000000}"
EndProject
Project("{FAE04EC0-301F-11D3-BF4B-00C04F79EFBC}") = "OpenSim.Region.ClientStack.LindenCaps", "OpenSim\Region\ClientStack\Linden\Caps\OpenSim.Region.ClientStack.LindenCaps.csproj", "{E40784B7-0000-0000-0000-000000000000}"
EndProject
Project("{FAE04EC0-301F-11D3-BF4B-00C04F79EFBC}") = "OpenSim.Region.ClientStack.LindenUDP", "OpenSim\Region\ClientStack\Linden\UDP\OpenSim.Region.ClientStack.LindenUDP.csproj", "{107FAD57-0000-0000-0000-000000000000}"
EndProject
Project("{FAE04EC0-301F-11D3-BF4B-00C04F79EFBC}") = "OpenSim.Region.CoreModules", "OpenSim\Region\CoreModules\OpenSim.Region.CoreModules.csproj", "{C7D01B80-0000-0000-0000-000000000000}"
EndProject
Project("{FAE04EC0-301F-11D3-BF4B-00C04F79EFBC}") = "OpenSim.Region.Framework", "OpenSim\Region\Framework\OpenSim.Region.Framework.csproj", "{97D0E677-0000-0000-0000-000000000000}"
EndProject
Project("{FAE04EC0-301F-11D3-BF4B-00C04F79EFBC}") = "OpenSim.Region.OptionalModules", "OpenSim\Region\OptionalModules\OpenSim.Region.OptionalModules.csproj", "{8ACC014A-0000-0000-0000-000000000000}"
EndProject
Project("{FAE04EC0-301F-11D3-BF4B-00C04F79EFBC}") = "OpenSim.Region.PhysicsModule.BasicPhysics", "OpenSim\Region\PhysicsModules\BasicPhysics\OpenSim.Region.PhysicsModule.BasicPhysics.csproj", "{4C42F68B-0000-0000-0000-000000000000}"
EndProject
Project("{FAE04EC0-301F-11D3-BF4B-00C04F79EFBC}") = "OpenSim.Region.PhysicsModule.BulletS", "OpenSim\Region\PhysicsModules\BulletS\OpenSim.Region.PhysicsModule.BulletS.csproj", "{062353B2-0000-0000-0000-000000000000}"
EndProject
Project("{FAE04EC0-301F-11D3-BF4B-00C04F79EFBC}") = "OpenSim.Region.PhysicsModule.Meshing", "OpenSim\Region\PhysicsModules\Meshing\OpenSim.Region.PhysicsModule.Meshing.csproj", "{2F84870A-0000-0000-0000-000000000000}"
EndProject
Project("{FAE04EC0-301F-11D3-BF4B-00C04F79EFBC}") = "OpenSim.Region.PhysicsModule.POS", "OpenSim\Region\PhysicsModules\POS\OpenSim.Region.PhysicsModule.POS.csproj", "{45165DB4-0000-0000-0000-000000000000}"
EndProject
Project("{FAE04EC0-301F-11D3-BF4B-00C04F79EFBC}") = "OpenSim.Region.PhysicsModule.ubOde", "OpenSim\Region\PhysicsModules\ubOde\OpenSim.Region.PhysicsModule.ubOde.csproj", "{23915570-0000-0000-0000-000000000000}"
EndProject
Project("{FAE04EC0-301F-11D3-BF4B-00C04F79EFBC}") = "OpenSim.Region.PhysicsModule.ubOdeMeshing", "OpenSim\Region\PhysicsModules\ubOdeMeshing\OpenSim.Region.PhysicsModule.ubOdeMeshing.csproj", "{51D288AC-0000-0000-0000-000000000000}"
EndProject
Project("{FAE04EC0-301F-11D3-BF4B-00C04F79EFBC}") = "OpenSim.Region.PhysicsModules.ConvexDecompositionDotNet", "OpenSim\Region\PhysicsModules\ConvexDecompositionDotNet\OpenSim.Region.PhysicsModules.ConvexDecompositionDotNet.csproj", "{5CFCA384-0000-0000-0000-000000000000}"
EndProject
Project("{FAE04EC0-301F-11D3-BF4B-00C04F79EFBC}") = "OpenSim.Region.PhysicsModules.SharedBase", "OpenSim\Region\PhysicsModules\SharedBase\OpenSim.Region.PhysicsModules.SharedBase.csproj", "{45066091-0000-0000-0000-000000000000}"
EndProject
Project("{FAE04EC0-301F-11D3-BF4B-00C04F79EFBC}") = "OpenSim.Region.ScriptEngine.Shared", "OpenSim\Region\ScriptEngine\Shared\OpenSim.Region.ScriptEngine.Shared.csproj", "{1E1AB3DC-0000-0000-0000-000000000000}"
EndProject
Project("{FAE04EC0-301F-11D3-BF4B-00C04F79EFBC}") = "OpenSim.Region.ScriptEngine.Shared.Api", "OpenSim\Region\ScriptEngine\Shared\Api\Implementation\OpenSim.Region.ScriptEngine.Shared.Api.csproj", "{50A8F087-0000-0000-0000-000000000000}"
EndProject
Project("{FAE04EC0-301F-11D3-BF4B-00C04F79EFBC}") = "OpenSim.Region.ScriptEngine.Shared.Api.Runtime", "OpenSim\Region\ScriptEngine\Shared\Api\Runtime\OpenSim.Region.ScriptEngine.Shared.Api.Runtime.csproj", "{FD35FD85-0000-0000-0000-000000000000}"
EndProject
Project("{FAE04EC0-301F-11D3-BF4B-00C04F79EFBC}") = "OpenSim.Region.ScriptEngine.YEngine", "OpenSim\Region\ScriptEngine\YEngine\OpenSim.Region.ScriptEngine.YEngine.csproj", "{C69312C7-0000-0000-0000-000000000000}"
EndProject
Project("{FAE04EC0-301F-11D3-BF4B-00C04F79EFBC}") = "OpenSim.Server.Base", "OpenSim\Server\Base\OpenSim.Server.Base.csproj", "{7CEE110E-0000-0000-0000-000000000000}"
EndProject
Project("{FAE04EC0-301F-11D3-BF4B-00C04F79EFBC}") = "OpenSim.Server.Handlers", "OpenSim\Server\Handlers\OpenSim.Server.Handlers.csproj", "{E222D800-0000-0000-0000-000000000000}"
EndProject
Project("{FAE04EC0-301F-11D3-BF4B-00C04F79EFBC}") = "OpenSim.Services.AssetService", "OpenSim\Services\AssetService\OpenSim.Services.AssetService.csproj", "{E049BD03-0000-0000-0000-000000000000}"
EndProject
Project("{FAE04EC0-301F-11D3-BF4B-00C04F79EFBC}") = "OpenSim.Services.AuthenticationService", "OpenSim\Services\AuthenticationService\OpenSim.Services.AuthenticationService.csproj", "{B2D79C78-0000-0000-0000-000000000000}"
EndProject
Project("{FAE04EC0-301F-11D3-BF4B-00C04F79EFBC}") = "OpenSim.Services.AuthorizationService", "OpenSim\Services\AuthorizationService\OpenSim.Services.AuthorizationService.csproj", "{706A7742-0000-0000-0000-000000000000}"
EndProject
Project("{FAE04EC0-301F-11D3-BF4B-00C04F79EFBC}") = "OpenSim.Services.AvatarService", "OpenSim\Services\AvatarService\OpenSim.Services.AvatarService.csproj", "{6F4DF5DB-0000-0000-0000-000000000000}"
EndProject
Project("{FAE04EC0-301F-11D3-BF4B-00C04F79EFBC}") = "OpenSim.Services.Base", "OpenSim\Services\Base\OpenSim.Services.Base.csproj", "{5AFE0ED4-0000-0000-0000-000000000000}"
EndProject
Project("{FAE04EC0-301F-11D3-BF4B-00C04F79EFBC}") = "OpenSim.Services.Connectors", "OpenSim\Services\Connectors\OpenSim.Services.Connectors.csproj", "{32B579F6-0000-0000-0000-000000000000}"
EndProject
Project("{FAE04EC0-301F-11D3-BF4B-00C04F79EFBC}") = "OpenSim.Services.EstateService", "OpenSim\Services\EstateService\OpenSim.Services.EstateService.csproj", "{EF2C8B49-0000-0000-0000-000000000000}"
EndProject
Project("{FAE04EC0-301F-11D3-BF4B-00C04F79EFBC}") = "OpenSim.Services.FreeswitchService", "OpenSim\Services\FreeswitchService\OpenSim.Services.FreeswitchService.csproj", "{AFB49EAC-0000-0000-0000-000000000000}"
EndProject
Project("{FAE04EC0-301F-11D3-BF4B-00C04F79EFBC}") = "OpenSim.Services.FriendsService", "OpenSim\Services\Friends\OpenSim.Services.FriendsService.csproj", "{39455053-0000-0000-0000-000000000000}"
EndProject
Project("{FAE04EC0-301F-11D3-BF4B-00C04F79EFBC}") = "OpenSim.Services.FSAssetService", "OpenSim\Services\FSAssetService\OpenSim.Services.FSAssetService.csproj", "{16005AF0-0000-0000-0000-000000000000}"
EndProject
Project("{FAE04EC0-301F-11D3-BF4B-00C04F79EFBC}") = "OpenSim.Services.GridService", "OpenSim\Services\GridService\OpenSim.Services.GridService.csproj", "{9838E3E5-0000-0000-0000-000000000000}"
EndProject
Project("{FAE04EC0-301F-11D3-BF4B-00C04F79EFBC}") = "OpenSim.Services.HypergridService", "OpenSim\Services\HypergridService\OpenSim.Services.HypergridService.csproj", "{89F5D207-0000-0000-0000-000000000000}"
EndProject
Project("{FAE04EC0-301F-11D3-BF4B-00C04F79EFBC}") = "OpenSim.Services.Interfaces", "OpenSim\Services\Interfaces\OpenSim.Services.Interfaces.csproj", "{E995B3CB-0000-0000-0000-000000000000}"
EndProject
Project("{FAE04EC0-301F-11D3-BF4B-00C04F79EFBC}") = "OpenSim.Services.InventoryService", "OpenSim\Services\InventoryService\OpenSim.Services.InventoryService.csproj", "{EC6AFAB6-0000-0000-0000-000000000000}"
EndProject
Project("{FAE04EC0-301F-11D3-BF4B-00C04F79EFBC}") = "OpenSim.Services.LLLoginService", "OpenSim\Services\LLLoginService\OpenSim.Services.LLLoginService.csproj", "{EBE3D097-0000-0000-0000-000000000000}"
EndProject
Project("{FAE04EC0-301F-11D3-BF4B-00C04F79EFBC}") = "OpenSim.Services.MapImageService", "OpenSim\Services\MapImageService\OpenSim.Services.MapImageService.csproj", "{EF3F00F0-0000-0000-0000-000000000000}"
EndProject
Project("{FAE04EC0-301F-11D3-BF4B-00C04F79EFBC}") = "OpenSim.Services.MuteListService", "OpenSim\Services\MuteListService\OpenSim.Services.MuteListService.csproj", "{EF3E4542-0000-0000-0000-000000000000}"
EndProject
Project("{FAE04EC0-301F-11D3-BF4B-00C04F79EFBC}") = "OpenSim.Services.PresenceService", "OpenSim\Services\PresenceService\OpenSim.Services.PresenceService.csproj", "{401174AF-0000-0000-0000-000000000000}"
EndProject
Project("{FAE04EC0-301F-11D3-BF4B-00C04F79EFBC}") = "OpenSim.Services.SimulationService", "OpenSim\Services\SimulationService\OpenSim.Services.SimulationService.csproj", "{3E5349B7-0000-0000-0000-000000000000}"
EndProject
Project("{FAE04EC0-301F-11D3-BF4B-00C04F79EFBC}") = "OpenSim.Services.UserAccountService", "OpenSim\Services\UserAccountService\OpenSim.Services.UserAccountService.csproj", "{003512E5-0000-0000-0000-000000000000}"
EndProject
Project("{FAE04EC0-301F-11D3-BF4B-00C04F79EFBC}") = "OpenSim.Services.UserProfilesService", "OpenSim\Services\UserProfilesService\OpenSim.Services.UserProfilesService.csproj", "{810D6508-0000-0000-0000-000000000000}"
EndProject
Project("{FAE04EC0-301F-11D3-BF4B-00C04F79EFBC}") = "OpenSim.Tools.Configger", "OpenSim\Tools\Configger\OpenSim.Tools.Configger.csproj", "{B9FF456B-0000-0000-0000-000000000000}"
EndProject
Project("{FAE04EC0-301F-11D3-BF4B-00C04F79EFBC}") = "pCampBot", "OpenSim\Tools\pCampBot\pCampBot.csproj", "{57CC789E-0000-0000-0000-000000000000}"
EndProject
Project("{FAE04EC0-301F-11D3-BF4B-00C04F79EFBC}") = "Robust", "OpenSim\Server\Robust.csproj", "{0AB7273B-0000-0000-0000-000000000000}"
EndProject
Project("{FAE04EC0-301F-11D3-BF4B-00C04F79EFBC}") = "SmartThreadPool", "ThirdParty\SmartThreadPool\SmartThreadPool.csproj", "{7E4D3F40-0000-0000-0000-000000000000}"
EndProject
Global
	GlobalSection(SolutionConfigurationPlatforms) = preSolution
		Debug|Any CPU = Debug|Any CPU
		Release|Any CPU = Release|Any CPU
	EndGlobalSection
	GlobalSection(ProjectConfigurationPlatforms) = postSolution
		{F780C2BF-0000-0000-0000-000000000000}.Debug|Any CPU.ActiveCfg = Debug|Any CPU
		{F780C2BF-0000-0000-0000-000000000000}.Debug|Any CPU.Build.0 = Debug|Any CPU
		{F780C2BF-0000-0000-0000-000000000000}.Release|Any CPU.ActiveCfg = Release|Any CPU
		{F780C2BF-0000-0000-0000-000000000000}.Release|Any CPU.Build.0 = Release|Any CPU
		{99D1C294-0000-0000-0000-000000000000}.Debug|Any CPU.ActiveCfg = Debug|Any CPU
		{99D1C294-0000-0000-0000-000000000000}.Debug|Any CPU.Build.0 = Debug|Any CPU
		{99D1C294-0000-0000-0000-000000000000}.Release|Any CPU.ActiveCfg = Release|Any CPU
		{99D1C294-0000-0000-0000-000000000000}.Release|Any CPU.Build.0 = Release|Any CPU
		{598EC86F-0000-0000-0000-000000000000}.Debug|Any CPU.ActiveCfg = Debug|Any CPU
		{598EC86F-0000-0000-0000-000000000000}.Debug|Any CPU.Build.0 = Debug|Any CPU
		{598EC86F-0000-0000-0000-000000000000}.Release|Any CPU.ActiveCfg = Release|Any CPU
		{598EC86F-0000-0000-0000-000000000000}.Release|Any CPU.Build.0 = Release|Any CPU
		{A6B41A99-0000-0000-0000-000000000000}.Debug|Any CPU.ActiveCfg = Debug|Any CPU
		{A6B41A99-0000-0000-0000-000000000000}.Debug|Any CPU.Build.0 = Debug|Any CPU
		{A6B41A99-0000-0000-0000-000000000000}.Release|Any CPU.ActiveCfg = Release|Any CPU
		{A6B41A99-0000-0000-0000-000000000000}.Release|Any CPU.Build.0 = Release|Any CPU
		{EF24C0B5-0000-0000-0000-000000000000}.Debug|Any CPU.ActiveCfg = Debug|Any CPU
		{EF24C0B5-0000-0000-0000-000000000000}.Debug|Any CPU.Build.0 = Debug|Any CPU
		{EF24C0B5-0000-0000-0000-000000000000}.Release|Any CPU.ActiveCfg = Release|Any CPU
		{EF24C0B5-0000-0000-0000-000000000000}.Release|Any CPU.Build.0 = Release|Any CPU
		{A82A8063-0000-0000-0000-000000000000}.Debug|Any CPU.ActiveCfg = Debug|Any CPU
		{A82A8063-0000-0000-0000-000000000000}.Debug|Any CPU.Build.0 = Debug|Any CPU
		{A82A8063-0000-0000-0000-000000000000}.Release|Any CPU.ActiveCfg = Release|Any CPU
		{A82A8063-0000-0000-0000-000000000000}.Release|Any CPU.Build.0 = Release|Any CPU
		{81900A87-0000-0000-0000-000000000000}.Debug|Any CPU.ActiveCfg = Debug|Any CPU
		{81900A87-0000-0000-0000-000000000000}.Debug|Any CPU.Build.0 = Debug|Any CPU
		{81900A87-0000-0000-0000-000000000000}.Release|Any CPU.ActiveCfg = Release|Any CPU
		{81900A87-0000-0000-0000-000000000000}.Release|Any CPU.Build.0 = Release|Any CPU
		{E1C33A54-0000-0000-0000-000000000000}.Debug|Any CPU.ActiveCfg = Debug|Any CPU
		{E1C33A54-0000-0000-0000-000000000000}.Debug|Any CPU.Build.0 = Debug|Any CPU
		{E1C33A54-0000-0000-0000-000000000000}.Release|Any CPU.ActiveCfg = Release|Any CPU
		{E1C33A54-0000-0000-0000-000000000000}.Release|Any CPU.Build.0 = Release|Any CPU
		{EBA40E82-0000-0000-0000-000000000000}.Debug|Any CPU.ActiveCfg = Debug|Any CPU
		{EBA40E82-0000-0000-0000-000000000000}.Debug|Any CPU.Build.0 = Debug|Any CPU
		{EBA40E82-0000-0000-0000-000000000000}.Release|Any CPU.ActiveCfg = Release|Any CPU
		{EBA40E82-0000-0000-0000-000000000000}.Release|Any CPU.Build.0 = Release|Any CPU
		{A925FA97-0000-0000-0000-000000000000}.Debug|Any CPU.ActiveCfg = Debug|Any CPU
		{A925FA97-0000-0000-0000-000000000000}.Debug|Any CPU.Build.0 = Debug|Any CPU
		{A925FA97-0000-0000-0000-000000000000}.Release|Any CPU.ActiveCfg = Release|Any CPU
		{A925FA97-0000-0000-0000-000000000000}.Release|Any CPU.Build.0 = Release|Any CPU
		{78226232-0000-0000-0000-000000000000}.Debug|Any CPU.ActiveCfg = Debug|Any CPU
		{78226232-0000-0000-0000-000000000000}.Debug|Any CPU.Build.0 = Debug|Any CPU
		{78226232-0000-0000-0000-000000000000}.Release|Any CPU.ActiveCfg = Release|Any CPU
		{78226232-0000-0000-0000-000000000000}.Release|Any CPU.Build.0 = Release|Any CPU
		{FBE98717-0000-0000-0000-000000000000}.Debug|Any CPU.ActiveCfg = Debug|Any CPU
		{FBE98717-0000-0000-0000-000000000000}.Debug|Any CPU.Build.0 = Debug|Any CPU
		{FBE98717-0000-0000-0000-000000000000}.Release|Any CPU.ActiveCfg = Release|Any CPU
		{FBE98717-0000-0000-0000-000000000000}.Release|Any CPU.Build.0 = Release|Any CPU
		{3B22C581-0000-0000-0000-000000000000}.Debug|Any CPU.ActiveCfg = Debug|Any CPU
		{3B22C581-0000-0000-0000-000000000000}.Debug|Any CPU.Build.0 = Debug|Any CPU
		{3B22C581-0000-0000-0000-000000000000}.Release|Any CPU.ActiveCfg = Release|Any CPU
		{3B22C581-0000-0000-0000-000000000000}.Release|Any CPU.Build.0 = Release|Any CPU
		{5946C306-0000-0000-0000-000000000000}.Debug|Any CPU.ActiveCfg = Debug|Any CPU
		{5946C306-0000-0000-0000-000000000000}.Debug|Any CPU.Build.0 = Debug|Any CPU
		{5946C306-0000-0000-0000-000000000000}.Release|Any CPU.ActiveCfg = Release|Any CPU
		{5946C306-0000-0000-0000-000000000000}.Release|Any CPU.Build.0 = Release|Any CPU
		{02570C9A-0000-0000-0000-000000000000}.Debug|Any CPU.ActiveCfg = Debug|Any CPU
		{02570C9A-0000-0000-0000-000000000000}.Debug|Any CPU.Build.0 = Debug|Any CPU
		{02570C9A-0000-0000-0000-000000000000}.Release|Any CPU.ActiveCfg = Release|Any CPU
		{02570C9A-0000-0000-0000-000000000000}.Release|Any CPU.Build.0 = Release|Any CPU
		{9F837D6C-0000-0000-0000-000000000000}.Debug|Any CPU.ActiveCfg = Debug|Any CPU
		{9F837D6C-0000-0000-0000-000000000000}.Debug|Any CPU.Build.0 = Debug|Any CPU
		{9F837D6C-0000-0000-0000-000000000000}.Release|Any CPU.ActiveCfg = Release|Any CPU
		{9F837D6C-0000-0000-0000-000000000000}.Release|Any CPU.Build.0 = Release|Any CPU
		{B65D523F-0000-0000-0000-000000000000}.Debug|Any CPU.ActiveCfg = Debug|Any CPU
		{B65D523F-0000-0000-0000-000000000000}.Debug|Any CPU.Build.0 = Debug|Any CPU
		{B65D523F-0000-0000-0000-000000000000}.Release|Any CPU.ActiveCfg = Release|Any CPU
		{B65D523F-0000-0000-0000-000000000000}.Release|Any CPU.Build.0 = Release|Any CPU
		{FF8DB872-0000-0000-0000-000000000000}.Debug|Any CPU.ActiveCfg = Debug|Any CPU
		{FF8DB872-0000-0000-0000-000000000000}.Debug|Any CPU.Build.0 = Debug|Any CPU
		{FF8DB872-0000-0000-0000-000000000000}.Release|Any CPU.ActiveCfg = Release|Any CPU
		{FF8DB872-0000-0000-0000-000000000000}.Release|Any CPU.Build.0 = Release|Any CPU
		{1E058426-0000-0000-0000-000000000000}.Debug|Any CPU.ActiveCfg = Debug|Any CPU
		{1E058426-0000-0000-0000-000000000000}.Debug|Any CPU.Build.0 = Debug|Any CPU
		{1E058426-0000-0000-0000-000000000000}.Release|Any CPU.ActiveCfg = Release|Any CPU
		{1E058426-0000-0000-0000-000000000000}.Release|Any CPU.Build.0 = Release|Any CPU
		{AA8FCF3C-0000-0000-0000-000000000000}.Debug|Any CPU.ActiveCfg = Debug|Any CPU
		{AA8FCF3C-0000-0000-0000-000000000000}.Debug|Any CPU.Build.0 = Debug|Any CPU
		{AA8FCF3C-0000-0000-0000-000000000000}.Release|Any CPU.ActiveCfg = Release|Any CPU
		{AA8FCF3C-0000-0000-0000-000000000000}.Release|Any CPU.Build.0 = Release|Any CPU
		{1A3EF87A-0000-0000-0000-000000000000}.Debug|Any CPU.ActiveCfg = Debug|Any CPU
		{1A3EF87A-0000-0000-0000-000000000000}.Debug|Any CPU.Build.0 = Debug|Any CPU
		{1A3EF87A-0000-0000-0000-000000000000}.Release|Any CPU.ActiveCfg = Release|Any CPU
		{1A3EF87A-0000-0000-0000-000000000000}.Release|Any CPU.Build.0 = Release|Any CPU
		{E40784B7-0000-0000-0000-000000000000}.Debug|Any CPU.ActiveCfg = Debug|Any CPU
		{E40784B7-0000-0000-0000-000000000000}.Debug|Any CPU.Build.0 = Debug|Any CPU
		{E40784B7-0000-0000-0000-000000000000}.Release|Any CPU.ActiveCfg = Release|Any CPU
		{E40784B7-0000-0000-0000-000000000000}.Release|Any CPU.Build.0 = Release|Any CPU
		{107FAD57-0000-0000-0000-000000000000}.Debug|Any CPU.ActiveCfg = Debug|Any CPU
		{107FAD57-0000-0000-0000-000000000000}.Debug|Any CPU.Build.0 = Debug|Any CPU
		{107FAD57-0000-0000-0000-000000000000}.Release|Any CPU.ActiveCfg = Release|Any CPU
		{107FAD57-0000-0000-0000-000000000000}.Release|Any CPU.Build.0 = Release|Any CPU
		{C7D01B80-0000-0000-0000-000000000000}.Debug|Any CPU.ActiveCfg = Debug|Any CPU
		{C7D01B80-0000-0000-0000-000000000000}.Debug|Any CPU.Build.0 = Debug|Any CPU
		{C7D01B80-0000-0000-0000-000000000000}.Release|Any CPU.ActiveCfg = Release|Any CPU
		{C7D01B80-0000-0000-0000-000000000000}.Release|Any CPU.Build.0 = Release|Any CPU
		{97D0E677-0000-0000-0000-000000000000}.Debug|Any CPU.ActiveCfg = Debug|Any CPU
		{97D0E677-0000-0000-0000-000000000000}.Debug|Any CPU.Build.0 = Debug|Any CPU
		{97D0E677-0000-0000-0000-000000000000}.Release|Any CPU.ActiveCfg = Release|Any CPU
		{97D0E677-0000-0000-0000-000000000000}.Release|Any CPU.Build.0 = Release|Any CPU
		{8ACC014A-0000-0000-0000-000000000000}.Debug|Any CPU.ActiveCfg = Debug|Any CPU
		{8ACC014A-0000-0000-0000-000000000000}.Debug|Any CPU.Build.0 = Debug|Any CPU
		{8ACC014A-0000-0000-0000-000000000000}.Release|Any CPU.ActiveCfg = Release|Any CPU
		{8ACC014A-0000-0000-0000-000000000000}.Release|Any CPU.Build.0 = Release|Any CPU
		{4C42F68B-0000-0000-0000-000000000000}.Debug|Any CPU.ActiveCfg = Debug|Any CPU
		{4C42F68B-0000-0000-0000-000000000000}.Debug|Any CPU.Build.0 = Debug|Any CPU
		{4C42F68B-0000-0000-0000-000000000000}.Release|Any CPU.ActiveCfg = Release|Any CPU
		{4C42F68B-0000-0000-0000-000000000000}.Release|Any CPU.Build.0 = Release|Any CPU
		{062353B2-0000-0000-0000-000000000000}.Debug|Any CPU.ActiveCfg = Debug|Any CPU
		{062353B2-0000-0000-0000-000000000000}.Debug|Any CPU.Build.0 = Debug|Any CPU
		{062353B2-0000-0000-0000-000000000000}.Release|Any CPU.ActiveCfg = Release|Any CPU
		{062353B2-0000-0000-0000-000000000000}.Release|Any CPU.Build.0 = Release|Any CPU
		{2F84870A-0000-0000-0000-000000000000}.Debug|Any CPU.ActiveCfg = Debug|Any CPU
		{2F84870A-0000-0000-0000-000000000000}.Debug|Any CPU.Build.0 = Debug|Any CPU
		{2F84870A-0000-0000-0000-000000000000}.Release|Any CPU.ActiveCfg = Release|Any CPU
		{2F84870A-0000-0000-0000-000000000000}.Release|Any CPU.Build.0 = Release|Any CPU
		{45165DB4-0000-0000-0000-000000000000}.Debug|Any CPU.ActiveCfg = Debug|Any CPU
		{45165DB4-0000-0000-0000-000000000000}.Debug|Any CPU.Build.0 = Debug|Any CPU
		{45165DB4-0000-0000-0000-000000000000}.Release|Any CPU.ActiveCfg = Release|Any CPU
		{45165DB4-0000-0000-0000-000000000000}.Release|Any CPU.Build.0 = Release|Any CPU
		{23915570-0000-0000-0000-000000000000}.Debug|Any CPU.ActiveCfg = Debug|Any CPU
		{23915570-0000-0000-0000-000000000000}.Debug|Any CPU.Build.0 = Debug|Any CPU
		{23915570-0000-0000-0000-000000000000}.Release|Any CPU.ActiveCfg = Release|Any CPU
		{23915570-0000-0000-0000-000000000000}.Release|Any CPU.Build.0 = Release|Any CPU
		{51D288AC-0000-0000-0000-000000000000}.Debug|Any CPU.ActiveCfg = Debug|Any CPU
		{51D288AC-0000-0000-0000-000000000000}.Debug|Any CPU.Build.0 = Debug|Any CPU
		{51D288AC-0000-0000-0000-000000000000}.Release|Any CPU.ActiveCfg = Release|Any CPU
		{51D288AC-0000-0000-0000-000000000000}.Release|Any CPU.Build.0 = Release|Any CPU
		{5CFCA384-0000-0000-0000-000000000000}.Debug|Any CPU.ActiveCfg = Debug|Any CPU
		{5CFCA384-0000-0000-0000-000000000000}.Debug|Any CPU.Build.0 = Debug|Any CPU
		{5CFCA384-0000-0000-0000-000000000000}.Release|Any CPU.ActiveCfg = Release|Any CPU
		{5CFCA384-0000-0000-0000-000000000000}.Release|Any CPU.Build.0 = Release|Any CPU
		{45066091-0000-0000-0000-000000000000}.Debug|Any CPU.ActiveCfg = Debug|Any CPU
		{45066091-0000-0000-0000-000000000000}.Debug|Any CPU.Build.0 = Debug|Any CPU
		{45066091-0000-0000-0000-000000000000}.Release|Any CPU.ActiveCfg = Release|Any CPU
		{45066091-0000-0000-0000-000000000000}.Release|Any CPU.Build.0 = Release|Any CPU
		{1E1AB3DC-0000-0000-0000-000000000000}.Debug|Any CPU.ActiveCfg = Debug|Any CPU
		{1E1AB3DC-0000-0000-0000-000000000000}.Debug|Any CPU.Build.0 = Debug|Any CPU
		{1E1AB3DC-0000-0000-0000-000000000000}.Release|Any CPU.ActiveCfg = Release|Any CPU
		{1E1AB3DC-0000-0000-0000-000000000000}.Release|Any CPU.Build.0 = Release|Any CPU
		{50A8F087-0000-0000-0000-000000000000}.Debug|Any CPU.ActiveCfg = Debug|Any CPU
		{50A8F087-0000-0000-0000-000000000000}.Debug|Any CPU.Build.0 = Debug|Any CPU
		{50A8F087-0000-0000-0000-000000000000}.Release|Any CPU.ActiveCfg = Release|Any CPU
		{50A8F087-0000-0000-0000-000000000000}.Release|Any CPU.Build.0 = Release|Any CPU
		{FD35FD85-0000-0000-0000-000000000000}.Debug|Any CPU.ActiveCfg = Debug|Any CPU
		{FD35FD85-0000-0000-0000-000000000000}.Debug|Any CPU.Build.0 = Debug|Any CPU
		{FD35FD85-0000-0000-0000-000000000000}.Release|Any CPU.ActiveCfg = Release|Any CPU
		{FD35FD85-0000-0000-0000-000000000000}.Release|Any CPU.Build.0 = Release|Any CPU
		{C69312C7-0000-0000-0000-000000000000}.Debug|Any CPU.ActiveCfg = Debug|Any CPU
		{C69312C7-0000-0000-0000-000000000000}.Debug|Any CPU.Build.0 = Debug|Any CPU
		{C69312C7-0000-0000-0000-000000000000}.Release|Any CPU.ActiveCfg = Release|Any CPU
		{C69312C7-0000-0000-0000-000000000000}.Release|Any CPU.Build.0 = Release|Any CPU
		{7CEE110E-0000-0000-0000-000000000000}.Debug|Any CPU.ActiveCfg = Debug|Any CPU
		{7CEE110E-0000-0000-0000-000000000000}.Debug|Any CPU.Build.0 = Debug|Any CPU
		{7CEE110E-0000-0000-0000-000000000000}.Release|Any CPU.ActiveCfg = Release|Any CPU
		{7CEE110E-0000-0000-0000-000000000000}.Release|Any CPU.Build.0 = Release|Any CPU
		{E222D800-0000-0000-0000-000000000000}.Debug|Any CPU.ActiveCfg = Debug|Any CPU
		{E222D800-0000-0000-0000-000000000000}.Debug|Any CPU.Build.0 = Debug|Any CPU
		{E222D800-0000-0000-0000-000000000000}.Release|Any CPU.ActiveCfg = Release|Any CPU
		{E222D800-0000-0000-0000-000000000000}.Release|Any CPU.Build.0 = Release|Any CPU
		{E049BD03-0000-0000-0000-000000000000}.Debug|Any CPU.ActiveCfg = Debug|Any CPU
		{E049BD03-0000-0000-0000-000000000000}.Debug|Any CPU.Build.0 = Debug|Any CPU
		{E049BD03-0000-0000-0000-000000000000}.Release|Any CPU.ActiveCfg = Release|Any CPU
		{E049BD03-0000-0000-0000-000000000000}.Release|Any CPU.Build.0 = Release|Any CPU
		{B2D79C78-0000-0000-0000-000000000000}.Debug|Any CPU.ActiveCfg = Debug|Any CPU
		{B2D79C78-0000-0000-0000-000000000000}.Debug|Any CPU.Build.0 = Debug|Any CPU
		{B2D79C78-0000-0000-0000-000000000000}.Release|Any CPU.ActiveCfg = Release|Any CPU
		{B2D79C78-0000-0000-0000-000000000000}.Release|Any CPU.Build.0 = Release|Any CPU
		{706A7742-0000-0000-0000-000000000000}.Debug|Any CPU.ActiveCfg = Debug|Any CPU
		{706A7742-0000-0000-0000-000000000000}.Debug|Any CPU.Build.0 = Debug|Any CPU
		{706A7742-0000-0000-0000-000000000000}.Release|Any CPU.ActiveCfg = Release|Any CPU
		{706A7742-0000-0000-0000-000000000000}.Release|Any CPU.Build.0 = Release|Any CPU
		{6F4DF5DB-0000-0000-0000-000000000000}.Debug|Any CPU.ActiveCfg = Debug|Any CPU
		{6F4DF5DB-0000-0000-0000-000000000000}.Debug|Any CPU.Build.0 = Debug|Any CPU
		{6F4DF5DB-0000-0000-0000-000000000000}.Release|Any CPU.ActiveCfg = Release|Any CPU
		{6F4DF5DB-0000-0000-0000-000000000000}.Release|Any CPU.Build.0 = Release|Any CPU
		{5AFE0ED4-0000-0000-0000-000000000000}.Debug|Any CPU.ActiveCfg = Debug|Any CPU
		{5AFE0ED4-0000-0000-0000-000000000000}.Debug|Any CPU.Build.0 = Debug|Any CPU
		{5AFE0ED4-0000-0000-0000-000000000000}.Release|Any CPU.ActiveCfg = Release|Any CPU
		{5AFE0ED4-0000-0000-0000-000000000000}.Release|Any CPU.Build.0 = Release|Any CPU
		{32B579F6-0000-0000-0000-000000000000}.Debug|Any CPU.ActiveCfg = Debug|Any CPU
		{32B579F6-0000-0000-0000-000000000000}.Debug|Any CPU.Build.0 = Debug|Any CPU
		{32B579F6-0000-0000-0000-000000000000}.Release|Any CPU.ActiveCfg = Release|Any CPU
		{32B579F6-0000-0000-0000-000000000000}.Release|Any CPU.Build.0 = Release|Any CPU
		{EF2C8B49-0000-0000-0000-000000000000}.Debug|Any CPU.ActiveCfg = Debug|Any CPU
		{EF2C8B49-0000-0000-0000-000000000000}.Debug|Any CPU.Build.0 = Debug|Any CPU
		{EF2C8B49-0000-0000-0000-000000000000}.Release|Any CPU.ActiveCfg = Release|Any CPU
		{EF2C8B49-0000-0000-0000-000000000000}.Release|Any CPU.Build.0 = Release|Any CPU
		{AFB49EAC-0000-0000-0000-000000000000}.Debug|Any CPU.ActiveCfg = Debug|Any CPU
		{AFB49EAC-0000-0000-0000-000000000000}.Debug|Any CPU.Build.0 = Debug|Any CPU
		{AFB49EAC-0000-0000-0000-000000000000}.Release|Any CPU.ActiveCfg = Release|Any CPU
		{AFB49EAC-0000-0000-0000-000000000000}.Release|Any CPU.Build.0 = Release|Any CPU
		{39455053-0000-0000-0000-000000000000}.Debug|Any CPU.ActiveCfg = Debug|Any CPU
		{39455053-0000-0000-0000-000000000000}.Debug|Any CPU.Build.0 = Debug|Any CPU
		{39455053-0000-0000-0000-000000000000}.Release|Any CPU.ActiveCfg = Release|Any CPU
		{39455053-0000-0000-0000-000000000000}.Release|Any CPU.Build.0 = Release|Any CPU
		{16005AF0-0000-0000-0000-000000000000}.Debug|Any CPU.ActiveCfg = Debug|Any CPU
		{16005AF0-0000-0000-0000-000000000000}.Debug|Any CPU.Build.0 = Debug|Any CPU
		{16005AF0-0000-0000-0000-000000000000}.Release|Any CPU.ActiveCfg = Release|Any CPU
		{16005AF0-0000-0000-0000-000000000000}.Release|Any CPU.Build.0 = Release|Any CPU
		{9838E3E5-0000-0000-0000-000000000000}.Debug|Any CPU.ActiveCfg = Debug|Any CPU
		{9838E3E5-0000-0000-0000-000000000000}.Debug|Any CPU.Build.0 = Debug|Any CPU
		{9838E3E5-0000-0000-0000-000000000000}.Release|Any CPU.ActiveCfg = Release|Any CPU
		{9838E3E5-0000-0000-0000-000000000000}.Release|Any CPU.Build.0 = Release|Any CPU
		{89F5D207-0000-0000-0000-000000000000}.Debug|Any CPU.ActiveCfg = Debug|Any CPU
		{89F5D207-0000-0000-0000-000000000000}.Debug|Any CPU.Build.0 = Debug|Any CPU
		{89F5D207-0000-0000-0000-000000000000}.Release|Any CPU.ActiveCfg = Release|Any CPU
		{89F5D207-0000-0000-0000-000000000000}.Release|Any CPU.Build.0 = Release|Any CPU
		{E995B3CB-0000-0000-0000-000000000000}.Debug|Any CPU.ActiveCfg = Debug|Any CPU
		{E995B3CB-0000-0000-0000-000000000000}.Debug|Any CPU.Build.0 = Debug|Any CPU
		{E995B3CB-0000-0000-0000-000000000000}.Release|Any CPU.ActiveCfg = Release|Any CPU
		{E995B3CB-0000-0000-0000-000000000000}.Release|Any CPU.Build.0 = Release|Any CPU
		{EC6AFAB6-0000-0000-0000-000000000000}.Debug|Any CPU.ActiveCfg = Debug|Any CPU
		{EC6AFAB6-0000-0000-0000-000000000000}.Debug|Any CPU.Build.0 = Debug|Any CPU
		{EC6AFAB6-0000-0000-0000-000000000000}.Release|Any CPU.ActiveCfg = Release|Any CPU
		{EC6AFAB6-0000-0000-0000-000000000000}.Release|Any CPU.Build.0 = Release|Any CPU
		{EBE3D097-0000-0000-0000-000000000000}.Debug|Any CPU.ActiveCfg = Debug|Any CPU
		{EBE3D097-0000-0000-0000-000000000000}.Debug|Any CPU.Build.0 = Debug|Any CPU
		{EBE3D097-0000-0000-0000-000000000000}.Release|Any CPU.ActiveCfg = Release|Any CPU
		{EBE3D097-0000-0000-0000-000000000000}.Release|Any CPU.Build.0 = Release|Any CPU
		{EF3F00F0-0000-0000-0000-000000000000}.Debug|Any CPU.ActiveCfg = Debug|Any CPU
		{EF3F00F0-0000-0000-0000-000000000000}.Debug|Any CPU.Build.0 = Debug|Any CPU
		{EF3F00F0-0000-0000-0000-000000000000}.Release|Any CPU.ActiveCfg = Release|Any CPU
		{EF3F00F0-0000-0000-0000-000000000000}.Release|Any CPU.Build.0 = Release|Any CPU
		{EF3E4542-0000-0000-0000-000000000000}.Debug|Any CPU.ActiveCfg = Debug|Any CPU
		{EF3E4542-0000-0000-0000-000000000000}.Debug|Any CPU.Build.0 = Debug|Any CPU
		{EF3E4542-0000-0000-0000-000000000000}.Release|Any CPU.ActiveCfg = Release|Any CPU
		{EF3E4542-0000-0000-0000-000000000000}.Release|Any CPU.Build.0 = Release|Any CPU
		{401174AF-0000-0000-0000-000000000000}.Debug|Any CPU.ActiveCfg = Debug|Any CPU
		{401174AF-0000-0000-0000-000000000000}.Debug|Any CPU.Build.0 = Debug|Any CPU
		{401174AF-0000-0000-0000-000000000000}.Release|Any CPU.ActiveCfg = Release|Any CPU
		{401174AF-0000-0000-0000-000000000000}.Release|Any CPU.Build.0 = Release|Any CPU
		{3E5349B7-0000-0000-0000-000000000000}.Debug|Any CPU.ActiveCfg = Debug|Any CPU
		{3E5349B7-0000-0000-0000-000000000000}.Debug|Any CPU.Build.0 = Debug|Any CPU
		{3E5349B7-0000-0000-0000-000000000000}.Release|Any CPU.ActiveCfg = Release|Any CPU
		{3E5349B7-0000-0000-0000-000000000000}.Release|Any CPU.Build.0 = Release|Any CPU
		{003512E5-0000-0000-0000-000000000000}.Debug|Any CPU.ActiveCfg = Debug|Any CPU
		{003512E5-0000-0000-0000-000000000000}.Debug|Any CPU.Build.0 = Debug|Any CPU
		{003512E5-0000-0000-0000-000000000000}.Release|Any CPU.ActiveCfg = Release|Any CPU
		{003512E5-0000-0000-0000-000000000000}.Release|Any CPU.Build.0 = Release|Any CPU
		{810D6508-0000-0000-0000-000000000000}.Debug|Any CPU.ActiveCfg = Debug|Any CPU
		{810D6508-0000-0000-0000-000000000000}.Debug|Any CPU.Build.0 = Debug|Any CPU
		{810D6508-0000-0000-0000-000000000000}.Release|Any CPU.ActiveCfg = Release|Any CPU
		{810D6508-0000-0000-0000-000000000000}.Release|Any CPU.Build.0 = Release|Any CPU
		{B9FF456B-0000-0000-0000-000000000000}.Debug|Any CPU.ActiveCfg = Debug|Any CPU
		{B9FF456B-0000-0000-0000-000000000000}.Debug|Any CPU.Build.0 = Debug|Any CPU
		{B9FF456B-0000-0000-0000-000000000000}.Release|Any CPU.ActiveCfg = Release|Any CPU
		{B9FF456B-0000-0000-0000-000000000000}.Release|Any CPU.Build.0 = Release|Any CPU
		{57CC789E-0000-0000-0000-000000000000}.Debug|Any CPU.ActiveCfg = Debug|Any CPU
		{57CC789E-0000-0000-0000-000000000000}.Debug|Any CPU.Build.0 = Debug|Any CPU
		{57CC789E-0000-0000-0000-000000000000}.Release|Any CPU.ActiveCfg = Release|Any CPU
		{57CC789E-0000-0000-0000-000000000000}.Release|Any CPU.Build.0 = Release|Any CPU
		{0AB7273B-0000-0000-0000-000000000000}.Debug|Any CPU.ActiveCfg = Debug|Any CPU
		{0AB7273B-0000-0000-0000-000000000000}.Debug|Any CPU.Build.0 = Debug|Any CPU
		{0AB7273B-0000-0000-0000-000000000000}.Release|Any CPU.ActiveCfg = Release|Any CPU
		{0AB7273B-0000-0000-0000-000000000000}.Release|Any CPU.Build.0 = Release|Any CPU
		{7E4D3F40-0000-0000-0000-000000000000}.Debug|Any CPU.ActiveCfg = Debug|Any CPU
		{7E4D3F40-0000-0000-0000-000000000000}.Debug|Any CPU.Build.0 = Debug|Any CPU
		{7E4D3F40-0000-0000-0000-000000000000}.Release|Any CPU.ActiveCfg = Release|Any CPU
		{7E4D3F40-0000-0000-0000-000000000000}.Release|Any CPU.Build.0 = Release|Any CPU
	EndGlobalSection
EndGlobal
